// !$*UTF8*$!
{
	archiveVersion = 1;
	classes = {
	};
	objectVersion = 46;
	objects = {

/* Begin PBXBuildFile section */
		020F0D019E7EC97F4940A0DA /* Pods_SeedProject.framework in Frameworks */ = {isa = PBXBuildFile; fileRef = 6B9B17D6F0C91E78469A3FCE /* Pods_SeedProject.framework */; };
		EB1326301F5EA9E100ABE06B /* HomePageEvaluationViewController.swift in Sources */ = {isa = PBXBuildFile; fileRef = EB13262F1F5EA9E100ABE06B /* HomePageEvaluationViewController.swift */; };
		EB154F3320CD704500BF503B /* HomePageAPI.swift in Sources */ = {isa = PBXBuildFile; fileRef = EB154F3220CD704500BF503B /* HomePageAPI.swift */; };
		EB2CE9682031852E00F7ECB9 /* R.generated.swift in Sources */ = {isa = PBXBuildFile; fileRef = EB2CE9672031852D00F7ECB9 /* R.generated.swift */; };
		EB317D801FD5722F00CD1799 /* Extensions.swift in Sources */ = {isa = PBXBuildFile; fileRef = EB317D7F1FD5722F00CD1799 /* Extensions.swift */; };
		EB3B042F1FBD2A6E0033F492 /* AboutMeViewController.swift in Sources */ = {isa = PBXBuildFile; fileRef = EB3B042E1FBD2A6E0033F492 /* AboutMeViewController.swift */; };
		EB3B04311FBDC9100033F492 /* DemoViewController.swift in Sources */ = {isa = PBXBuildFile; fileRef = EB3B04301FBDC9100033F492 /* DemoViewController.swift */; };
		EB3BDEC120D39ACC0067B2A3 /* ThemeManager.swift in Sources */ = {isa = PBXBuildFile; fileRef = EB3BDEC020D39ACC0067B2A3 /* ThemeManager.swift */; };
		EB3BDEC320D3B1AB0067B2A3 /* ThemeElement.swift in Sources */ = {isa = PBXBuildFile; fileRef = EB3BDEC220D3B1AB0067B2A3 /* ThemeElement.swift */; };
		EB3BDEC520D53B930067B2A3 /* DefaultTheme.swift in Sources */ = {isa = PBXBuildFile; fileRef = EB3BDEC420D53B930067B2A3 /* DefaultTheme.swift */; };
		EB3D97871F5F8F7B007112C4 /* MainTabBarController.swift in Sources */ = {isa = PBXBuildFile; fileRef = EB3D97861F5F8F7B007112C4 /* MainTabBarController.swift */; };
		EB51F7FC2051598300E505F9 /* CustomNotification.swift in Sources */ = {isa = PBXBuildFile; fileRef = EB51F7FB2051598300E505F9 /* CustomNotification.swift */; };
		EB56872F20CD495400F4E681 /* NetworkManager.swift in Sources */ = {isa = PBXBuildFile; fileRef = EB56872E20CD495400F4E681 /* NetworkManager.swift */; };
		EB5D57C31F5AFD8E00C6DE5A /* HomePageViewController.swift in Sources */ = {isa = PBXBuildFile; fileRef = EB5D57C21F5AFD8E00C6DE5A /* HomePageViewController.swift */; };
		EB5D57C81F5B051500C6DE5A /* HomePageNewsViewController.swift in Sources */ = {isa = PBXBuildFile; fileRef = EB5D57C71F5B051500C6DE5A /* HomePageNewsViewController.swift */; };
		EB5D57CA1F5B056F00C6DE5A /* HomePageTutorialViewController.swift in Sources */ = {isa = PBXBuildFile; fileRef = EB5D57C91F5B056F00C6DE5A /* HomePageTutorialViewController.swift */; };
		EB6006AB1FB5A681009F0D41 /* DefaultData.swift in Sources */ = {isa = PBXBuildFile; fileRef = EB6006AA1FB5A681009F0D41 /* DefaultData.swift */; };
		EB6EC0921FB6F5AF001B70AF /* Localizable.strings in Resources */ = {isa = PBXBuildFile; fileRef = EB6EC0911FB6F5AF001B70AF /* Localizable.strings */; };
		EB6EC0941FB70546001B70AF /* CommunityViewController.swift in Sources */ = {isa = PBXBuildFile; fileRef = EB6EC0931FB70546001B70AF /* CommunityViewController.swift */; };
		EB6EC0961FB70568001B70AF /* SearchViewController.swift in Sources */ = {isa = PBXBuildFile; fileRef = EB6EC0951FB70568001B70AF /* SearchViewController.swift */; };
		EB6EC0981FB7093A001B70AF /* Constants.swift in Sources */ = {isa = PBXBuildFile; fileRef = EB6EC0971FB7093A001B70AF /* Constants.swift */; };
		EB8421531F591D5B0055099F /* AppDelegate.swift in Sources */ = {isa = PBXBuildFile; fileRef = EB8421521F591D5B0055099F /* AppDelegate.swift */; };
		EB8421581F591D5B0055099F /* Main.storyboard in Resources */ = {isa = PBXBuildFile; fileRef = EB8421561F591D5B0055099F /* Main.storyboard */; };
		EB84215B1F591D5B0055099F /* SeedProject.xcdatamodeld in Sources */ = {isa = PBXBuildFile; fileRef = EB8421591F591D5B0055099F /* SeedProject.xcdatamodeld */; };
		EB84215D1F591D5B0055099F /* Assets.xcassets in Resources */ = {isa = PBXBuildFile; fileRef = EB84215C1F591D5B0055099F /* Assets.xcassets */; };
		EB8421601F591D5B0055099F /* LaunchScreen.storyboard in Resources */ = {isa = PBXBuildFile; fileRef = EB84215E1F591D5B0055099F /* LaunchScreen.storyboard */; };
		EB868D141FB7423400FD5A63 /* CustomNavigationBar.swift in Sources */ = {isa = PBXBuildFile; fileRef = EB868D131FB7423400FD5A63 /* CustomNavigationBar.swift */; };
		EBA6020C1F5ECB6B00859861 /* Functions.swift in Sources */ = {isa = PBXBuildFile; fileRef = EBA6020B1F5ECB6B00859861 /* Functions.swift */; };
/* End PBXBuildFile section */

/* Begin PBXFileReference section */
		2FFFD244EB23D2AF1B7D7967 /* Pods-SeedProject.release.xcconfig */ = {isa = PBXFileReference; includeInIndex = 1; lastKnownFileType = text.xcconfig; name = "Pods-SeedProject.release.xcconfig"; path = "Pods/Target Support Files/Pods-SeedProject/Pods-SeedProject.release.xcconfig"; sourceTree = "<group>"; };
		6B9B17D6F0C91E78469A3FCE /* Pods_SeedProject.framework */ = {isa = PBXFileReference; explicitFileType = wrapper.framework; includeInIndex = 0; path = Pods_SeedProject.framework; sourceTree = BUILT_PRODUCTS_DIR; };
		A7744DD0BAE8FCC0CB300149 /* Pods-SeedProject.debug.xcconfig */ = {isa = PBXFileReference; includeInIndex = 1; lastKnownFileType = text.xcconfig; name = "Pods-SeedProject.debug.xcconfig"; path = "Pods/Target Support Files/Pods-SeedProject/Pods-SeedProject.debug.xcconfig"; sourceTree = "<group>"; };
		EB13262F1F5EA9E100ABE06B /* HomePageEvaluationViewController.swift */ = {isa = PBXFileReference; fileEncoding = 4; lastKnownFileType = sourcecode.swift; path = HomePageEvaluationViewController.swift; sourceTree = "<group>"; };
		EB154F3220CD704500BF503B /* HomePageAPI.swift */ = {isa = PBXFileReference; lastKnownFileType = sourcecode.swift; path = HomePageAPI.swift; sourceTree = "<group>"; };
		EB2CE9672031852D00F7ECB9 /* R.generated.swift */ = {isa = PBXFileReference; fileEncoding = 4; lastKnownFileType = sourcecode.swift; path = R.generated.swift; sourceTree = "<group>"; };
		EB317D7F1FD5722F00CD1799 /* Extensions.swift */ = {isa = PBXFileReference; lastKnownFileType = sourcecode.swift; path = Extensions.swift; sourceTree = "<group>"; };
		EB3B042E1FBD2A6E0033F492 /* AboutMeViewController.swift */ = {isa = PBXFileReference; lastKnownFileType = sourcecode.swift; path = AboutMeViewController.swift; sourceTree = "<group>"; };
		EB3B04301FBDC9100033F492 /* DemoViewController.swift */ = {isa = PBXFileReference; lastKnownFileType = sourcecode.swift; path = DemoViewController.swift; sourceTree = "<group>"; };
		EB3BDEC020D39ACC0067B2A3 /* ThemeManager.swift */ = {isa = PBXFileReference; lastKnownFileType = sourcecode.swift; path = ThemeManager.swift; sourceTree = "<group>"; };
		EB3BDEC220D3B1AB0067B2A3 /* ThemeElement.swift */ = {isa = PBXFileReference; lastKnownFileType = sourcecode.swift; path = ThemeElement.swift; sourceTree = "<group>"; };
		EB3BDEC420D53B930067B2A3 /* DefaultTheme.swift */ = {isa = PBXFileReference; lastKnownFileType = sourcecode.swift; path = DefaultTheme.swift; sourceTree = "<group>"; };
		EB3D97861F5F8F7B007112C4 /* MainTabBarController.swift */ = {isa = PBXFileReference; fileEncoding = 4; lastKnownFileType = sourcecode.swift; path = MainTabBarController.swift; sourceTree = "<group>"; };
		EB51F7FB2051598300E505F9 /* CustomNotification.swift */ = {isa = PBXFileReference; lastKnownFileType = sourcecode.swift; path = CustomNotification.swift; sourceTree = "<group>"; };
		EB56872E20CD495400F4E681 /* NetworkManager.swift */ = {isa = PBXFileReference; lastKnownFileType = sourcecode.swift; path = NetworkManager.swift; sourceTree = "<group>"; };
		EB5D57BF1F5AE0B200C6DE5A /* SeedProject-Bridging-Header.h */ = {isa = PBXFileReference; lastKnownFileType = sourcecode.c.h; path = "SeedProject-Bridging-Header.h"; sourceTree = "<group>"; };
		EB5D57C21F5AFD8E00C6DE5A /* HomePageViewController.swift */ = {isa = PBXFileReference; fileEncoding = 4; lastKnownFileType = sourcecode.swift; path = HomePageViewController.swift; sourceTree = "<group>"; };
		EB5D57C71F5B051500C6DE5A /* HomePageNewsViewController.swift */ = {isa = PBXFileReference; fileEncoding = 4; lastKnownFileType = sourcecode.swift; path = HomePageNewsViewController.swift; sourceTree = "<group>"; };
		EB5D57C91F5B056F00C6DE5A /* HomePageTutorialViewController.swift */ = {isa = PBXFileReference; fileEncoding = 4; lastKnownFileType = sourcecode.swift; path = HomePageTutorialViewController.swift; sourceTree = "<group>"; };
		EB6006AA1FB5A681009F0D41 /* DefaultData.swift */ = {isa = PBXFileReference; lastKnownFileType = sourcecode.swift; path = DefaultData.swift; sourceTree = "<group>"; };
		EB6EC0911FB6F5AF001B70AF /* Localizable.strings */ = {isa = PBXFileReference; lastKnownFileType = text.plist.strings; path = Localizable.strings; sourceTree = "<group>"; };
		EB6EC0931FB70546001B70AF /* CommunityViewController.swift */ = {isa = PBXFileReference; lastKnownFileType = sourcecode.swift; path = CommunityViewController.swift; sourceTree = "<group>"; };
		EB6EC0951FB70568001B70AF /* SearchViewController.swift */ = {isa = PBXFileReference; lastKnownFileType = sourcecode.swift; path = SearchViewController.swift; sourceTree = "<group>"; };
		EB6EC0971FB7093A001B70AF /* Constants.swift */ = {isa = PBXFileReference; lastKnownFileType = sourcecode.swift; path = Constants.swift; sourceTree = "<group>"; };
		EB84214F1F591D5B0055099F /* SeedProject.app */ = {isa = PBXFileReference; explicitFileType = wrapper.application; includeInIndex = 0; path = SeedProject.app; sourceTree = BUILT_PRODUCTS_DIR; };
		EB8421521F591D5B0055099F /* AppDelegate.swift */ = {isa = PBXFileReference; lastKnownFileType = sourcecode.swift; path = AppDelegate.swift; sourceTree = "<group>"; };
		EB8421571F591D5B0055099F /* Base */ = {isa = PBXFileReference; lastKnownFileType = file.storyboard; name = Base; path = Base.lproj/Main.storyboard; sourceTree = "<group>"; };
		EB84215A1F591D5B0055099F /* SeedProject.xcdatamodel */ = {isa = PBXFileReference; lastKnownFileType = wrapper.xcdatamodel; path = SeedProject.xcdatamodel; sourceTree = "<group>"; };
		EB84215C1F591D5B0055099F /* Assets.xcassets */ = {isa = PBXFileReference; lastKnownFileType = folder.assetcatalog; path = Assets.xcassets; sourceTree = "<group>"; };
		EB84215F1F591D5B0055099F /* Base */ = {isa = PBXFileReference; lastKnownFileType = file.storyboard; name = Base; path = Base.lproj/LaunchScreen.storyboard; sourceTree = "<group>"; };
		EB8421611F591D5B0055099F /* Info.plist */ = {isa = PBXFileReference; lastKnownFileType = text.plist.xml; path = Info.plist; sourceTree = "<group>"; };
		EB868D131FB7423400FD5A63 /* CustomNavigationBar.swift */ = {isa = PBXFileReference; lastKnownFileType = sourcecode.swift; path = CustomNavigationBar.swift; sourceTree = "<group>"; };
		EBA6020B1F5ECB6B00859861 /* Functions.swift */ = {isa = PBXFileReference; fileEncoding = 4; lastKnownFileType = sourcecode.swift; path = Functions.swift; sourceTree = "<group>"; };
/* End PBXFileReference section */

/* Begin PBXFrameworksBuildPhase section */
		EB84214C1F591D5B0055099F /* Frameworks */ = {
			isa = PBXFrameworksBuildPhase;
			buildActionMask = 2147483647;
			files = (
				020F0D019E7EC97F4940A0DA /* Pods_SeedProject.framework in Frameworks */,
			);
			runOnlyForDeploymentPostprocessing = 0;
		};
/* End PBXFrameworksBuildPhase section */

/* Begin PBXGroup section */
		2427C8EC713AE3602F627D76 /* Pods */ = {
			isa = PBXGroup;
			children = (
				A7744DD0BAE8FCC0CB300149 /* Pods-SeedProject.debug.xcconfig */,
				2FFFD244EB23D2AF1B7D7967 /* Pods-SeedProject.release.xcconfig */,
			);
			name = Pods;
			sourceTree = "<group>";
		};
		5FA967827AE5C5CB2B7E75C5 /* Frameworks */ = {
			isa = PBXGroup;
			children = (
				6B9B17D6F0C91E78469A3FCE /* Pods_SeedProject.framework */,
			);
			name = Frameworks;
			sourceTree = "<group>";
		};
		EB3B042D1FBD2A3A0033F492 /* AboutMe */ = {
			isa = PBXGroup;
			children = (
				EB3B042E1FBD2A6E0033F492 /* AboutMeViewController.swift */,
			);
			path = AboutMe;
			sourceTree = "<group>";
		};
		EB3BDEBF20D39AB20067B2A3 /* Theme */ = {
			isa = PBXGroup;
			children = (
				EB3BDEC020D39ACC0067B2A3 /* ThemeManager.swift */,
				EB3BDEC220D3B1AB0067B2A3 /* ThemeElement.swift */,
				EB3BDEC420D53B930067B2A3 /* DefaultTheme.swift */,
			);
			path = Theme;
			sourceTree = "<group>";
		};
		EB56872D20CD391C00F4E681 /* Network */ = {
			isa = PBXGroup;
			children = (
				EB56872E20CD495400F4E681 /* NetworkManager.swift */,
				EB56873020CD49DA00F4E681 /* HomePage */,
			);
			path = Network;
			sourceTree = "<group>";
		};
		EB56873020CD49DA00F4E681 /* HomePage */ = {
			isa = PBXGroup;
			children = (
				EB154F3220CD704500BF503B /* HomePageAPI.swift */,
			);
			path = HomePage;
			sourceTree = "<group>";
		};
		EB5D57C61F5B035A00C6DE5A /* HomePage */ = {
			isa = PBXGroup;
			children = (
				EB5D57C21F5AFD8E00C6DE5A /* HomePageViewController.swift */,
				EB5D57C71F5B051500C6DE5A /* HomePageNewsViewController.swift */,
				EB5D57C91F5B056F00C6DE5A /* HomePageTutorialViewController.swift */,
				EB13262F1F5EA9E100ABE06B /* HomePageEvaluationViewController.swift */,
			);
			path = HomePage;
			sourceTree = "<group>";
		};
		EB6EC08D1FB6F513001B70AF /* Search */ = {
			isa = PBXGroup;
			children = (
				EB6EC0951FB70568001B70AF /* SearchViewController.swift */,
			);
			path = Search;
			sourceTree = "<group>";
		};
		EB6EC08F1FB6F513001B70AF /* Community */ = {
			isa = PBXGroup;
			children = (
				EB6EC0931FB70546001B70AF /* CommunityViewController.swift */,
			);
			path = Community;
			sourceTree = "<group>";
		};
		EB8421461F591D5A0055099F = {
			isa = PBXGroup;
			children = (
				EB8421511F591D5B0055099F /* SeedProject */,
				EB8421501F591D5B0055099F /* Products */,
				2427C8EC713AE3602F627D76 /* Pods */,
				5FA967827AE5C5CB2B7E75C5 /* Frameworks */,
			);
			sourceTree = "<group>";
		};
		EB8421501F591D5B0055099F /* Products */ = {
			isa = PBXGroup;
			children = (
				EB84214F1F591D5B0055099F /* SeedProject.app */,
			);
			name = Products;
			sourceTree = "<group>";
		};
		EB8421511F591D5B0055099F /* SeedProject */ = {
			isa = PBXGroup;
			children = (
				EBCA930E20CD21C0005EBF3D /* AppDelegate */,
				EB8421681F591DE60055099F /* Models */,
				EB56872D20CD391C00F4E681 /* Network */,
				EB84216B1F591DFD0055099F /* Resources */,
				EB84216A1F591DF60055099F /* Supports */,
				EB3BDEBF20D39AB20067B2A3 /* Theme */,
				EB8421691F591DF00055099F /* ViewControllers */,
				EB8421671F591DDF0055099F /* ViewModels */,
			);
			path = SeedProject;
			sourceTree = "<group>";
		};
		EB8421671F591DDF0055099F /* ViewModels */ = {
			isa = PBXGroup;
			children = (
				EB6006AA1FB5A681009F0D41 /* DefaultData.swift */,
			);
			path = ViewModels;
			sourceTree = "<group>";
		};
		EB8421681F591DE60055099F /* Models */ = {
			isa = PBXGroup;
			children = (
				EB8421591F591D5B0055099F /* SeedProject.xcdatamodeld */,
			);
			path = Models;
			sourceTree = "<group>";
		};
		EB8421691F591DF00055099F /* ViewControllers */ = {
			isa = PBXGroup;
			children = (
				EB3D97861F5F8F7B007112C4 /* MainTabBarController.swift */,
				EB868D131FB7423400FD5A63 /* CustomNavigationBar.swift */,
				EB3B04301FBDC9100033F492 /* DemoViewController.swift */,
				EB5D57C61F5B035A00C6DE5A /* HomePage */,
				EB6EC08F1FB6F513001B70AF /* Community */,
				EB6EC08D1FB6F513001B70AF /* Search */,
				EB3B042D1FBD2A3A0033F492 /* AboutMe */,
			);
			path = ViewControllers;
			sourceTree = "<group>";
		};
		EB84216A1F591DF60055099F /* Supports */ = {
			isa = PBXGroup;
			children = (
				EB5D57BF1F5AE0B200C6DE5A /* SeedProject-Bridging-Header.h */,
				EB2CE9672031852D00F7ECB9 /* R.generated.swift */,
				EBA6020B1F5ECB6B00859861 /* Functions.swift */,
				EB317D7F1FD5722F00CD1799 /* Extensions.swift */,
				EB6EC0971FB7093A001B70AF /* Constants.swift */,
				EB51F7FB2051598300E505F9 /* CustomNotification.swift */,
			);
			path = Supports;
			sourceTree = "<group>";
		};
		EB84216B1F591DFD0055099F /* Resources */ = {
			isa = PBXGroup;
			children = (
				EB84216C1F591E4A0055099F /* Layouts */,
				EB84215C1F591D5B0055099F /* Assets.xcassets */,
				EB8421611F591D5B0055099F /* Info.plist */,
				EB6EC0911FB6F5AF001B70AF /* Localizable.strings */,
			);
			path = Resources;
			sourceTree = "<group>";
		};
		EB84216C1F591E4A0055099F /* Layouts */ = {
			isa = PBXGroup;
			children = (
				EB8421561F591D5B0055099F /* Main.storyboard */,
				EB84215E1F591D5B0055099F /* LaunchScreen.storyboard */,
			);
			path = Layouts;
			sourceTree = "<group>";
		};
		EBCA930E20CD21C0005EBF3D /* AppDelegate */ = {
			isa = PBXGroup;
			children = (
				EB8421521F591D5B0055099F /* AppDelegate.swift */,
			);
			path = AppDelegate;
			sourceTree = "<group>";
		};
/* End PBXGroup section */

/* Begin PBXNativeTarget section */
		EB84214E1F591D5B0055099F /* SeedProject */ = {
			isa = PBXNativeTarget;
			buildConfigurationList = EB8421641F591D5B0055099F /* Build configuration list for PBXNativeTarget "SeedProject" */;
			buildPhases = (
				7BE98E74AD8D5D0B514FCE7E /* [CP] Check Pods Manifest.lock */,
				EB2CE9662031843700F7ECB9 /* ShellScript */,
				EB84214B1F591D5B0055099F /* Sources */,
				EB84214C1F591D5B0055099F /* Frameworks */,
				EB84214D1F591D5B0055099F /* Resources */,
				6F0EFE9493CF2B3CDCE7D875 /* [CP] Embed Pods Frameworks */,
			);
			buildRules = (
			);
			dependencies = (
			);
			name = SeedProject;
			productName = SeedProject;
			productReference = EB84214F1F591D5B0055099F /* SeedProject.app */;
			productType = "com.apple.product-type.application";
		};
/* End PBXNativeTarget section */

/* Begin PBXProject section */
		EB8421471F591D5A0055099F /* Project object */ = {
			isa = PBXProject;
			attributes = {
				LastSwiftUpdateCheck = 0830;
				LastUpgradeCheck = 0940;
				ORGANIZATIONNAME = "冯奕骅";
				TargetAttributes = {
					EB84214E1F591D5B0055099F = {
						CreatedOnToolsVersion = 8.3.3;
						DevelopmentTeam = 254AUA3V5S;
						LastSwiftMigration = 1000;
						ProvisioningStyle = Automatic;
					};
				};
			};
			buildConfigurationList = EB84214A1F591D5A0055099F /* Build configuration list for PBXProject "SeedProject" */;
			compatibilityVersion = "Xcode 3.2";
			developmentRegion = English;
			hasScannedForEncodings = 0;
			knownRegions = (
				en,
				Base,
			);
			mainGroup = EB8421461F591D5A0055099F;
			productRefGroup = EB8421501F591D5B0055099F /* Products */;
			projectDirPath = "";
			projectRoot = "";
			targets = (
				EB84214E1F591D5B0055099F /* SeedProject */,
			);
		};
/* End PBXProject section */

/* Begin PBXResourcesBuildPhase section */
		EB84214D1F591D5B0055099F /* Resources */ = {
			isa = PBXResourcesBuildPhase;
			buildActionMask = 2147483647;
			files = (
				EB8421601F591D5B0055099F /* LaunchScreen.storyboard in Resources */,
				EB6EC0921FB6F5AF001B70AF /* Localizable.strings in Resources */,
				EB84215D1F591D5B0055099F /* Assets.xcassets in Resources */,
				EB8421581F591D5B0055099F /* Main.storyboard in Resources */,
			);
			runOnlyForDeploymentPostprocessing = 0;
		};
/* End PBXResourcesBuildPhase section */

/* Begin PBXShellScriptBuildPhase section */
		6F0EFE9493CF2B3CDCE7D875 /* [CP] Embed Pods Frameworks */ = {
			isa = PBXShellScriptBuildPhase;
			buildActionMask = 2147483647;
			files = (
			);
			inputPaths = (
				"${SRCROOT}/Pods/Target Support Files/Pods-SeedProject/Pods-SeedProject-frameworks.sh",
				"${BUILT_PRODUCTS_DIR}/Alamofire/Alamofire.framework",
				"${BUILT_PRODUCTS_DIR}/ChameleonFramework/ChameleonFramework.framework",
				"${BUILT_PRODUCTS_DIR}/DZNEmptyDataSet/DZNEmptyDataSet.framework",
				"${BUILT_PRODUCTS_DIR}/DeviceKit/DeviceKit.framework",
				"${BUILT_PRODUCTS_DIR}/MBProgressHUD/MBProgressHUD.framework",
				"${BUILT_PRODUCTS_DIR}/MJRefresh/MJRefresh.framework",
				"${BUILT_PRODUCTS_DIR}/MagicalRecord/MagicalRecord.framework",
				"${BUILT_PRODUCTS_DIR}/PYSearch/PYSearch.framework",
				"${BUILT_PRODUCTS_DIR}/R.swift.Library/Rswift.framework",
				"${PODS_ROOT}/Reveal-SDK/RevealServer-18/iOS/RevealServer.framework",
				"${BUILT_PRODUCTS_DIR}/SDWebImage/SDWebImage.framework",
				"${BUILT_PRODUCTS_DIR}/SnapKit/SnapKit.framework",
				"${BUILT_PRODUCTS_DIR}/SwiftyJSON/SwiftyJSON.framework",
				"${BUILT_PRODUCTS_DIR}/XLPagerTabStrip/XLPagerTabStrip.framework",
			);
			name = "[CP] Embed Pods Frameworks";
			outputPaths = (
				"${TARGET_BUILD_DIR}/${FRAMEWORKS_FOLDER_PATH}/Alamofire.framework",
				"${TARGET_BUILD_DIR}/${FRAMEWORKS_FOLDER_PATH}/ChameleonFramework.framework",
				"${TARGET_BUILD_DIR}/${FRAMEWORKS_FOLDER_PATH}/DZNEmptyDataSet.framework",
				"${TARGET_BUILD_DIR}/${FRAMEWORKS_FOLDER_PATH}/DeviceKit.framework",
				"${TARGET_BUILD_DIR}/${FRAMEWORKS_FOLDER_PATH}/MBProgressHUD.framework",
				"${TARGET_BUILD_DIR}/${FRAMEWORKS_FOLDER_PATH}/MJRefresh.framework",
				"${TARGET_BUILD_DIR}/${FRAMEWORKS_FOLDER_PATH}/MagicalRecord.framework",
				"${TARGET_BUILD_DIR}/${FRAMEWORKS_FOLDER_PATH}/PYSearch.framework",
				"${TARGET_BUILD_DIR}/${FRAMEWORKS_FOLDER_PATH}/Rswift.framework",
				"${TARGET_BUILD_DIR}/${FRAMEWORKS_FOLDER_PATH}/RevealServer.framework",
				"${TARGET_BUILD_DIR}/${FRAMEWORKS_FOLDER_PATH}/SDWebImage.framework",
				"${TARGET_BUILD_DIR}/${FRAMEWORKS_FOLDER_PATH}/SnapKit.framework",
				"${TARGET_BUILD_DIR}/${FRAMEWORKS_FOLDER_PATH}/SwiftyJSON.framework",
				"${TARGET_BUILD_DIR}/${FRAMEWORKS_FOLDER_PATH}/XLPagerTabStrip.framework",
			);
			runOnlyForDeploymentPostprocessing = 0;
			shellPath = /bin/sh;
			shellScript = "\"${SRCROOT}/Pods/Target Support Files/Pods-SeedProject/Pods-SeedProject-frameworks.sh\"\n";
			showEnvVarsInLog = 0;
		};
		7BE98E74AD8D5D0B514FCE7E /* [CP] Check Pods Manifest.lock */ = {
			isa = PBXShellScriptBuildPhase;
			buildActionMask = 2147483647;
			files = (
			);
			inputPaths = (
				"${PODS_PODFILE_DIR_PATH}/Podfile.lock",
				"${PODS_ROOT}/Manifest.lock",
			);
			name = "[CP] Check Pods Manifest.lock";
			outputPaths = (
				"$(DERIVED_FILE_DIR)/Pods-SeedProject-checkManifestLockResult.txt",
			);
			runOnlyForDeploymentPostprocessing = 0;
			shellPath = /bin/sh;
			shellScript = "diff \"${PODS_PODFILE_DIR_PATH}/Podfile.lock\" \"${PODS_ROOT}/Manifest.lock\" > /dev/null\nif [ $? != 0 ] ; then\n    # print error to STDERR\n    echo \"error: The sandbox is not in sync with the Podfile.lock. Run 'pod install' or update your CocoaPods installation.\" >&2\n    exit 1\nfi\n# This output is used by Xcode 'outputs' to avoid re-running this script phase.\necho \"SUCCESS\" > \"${SCRIPT_OUTPUT_FILE_0}\"\n";
			showEnvVarsInLog = 0;
		};
		EB2CE9662031843700F7ECB9 /* ShellScript */ = {
			isa = PBXShellScriptBuildPhase;
			buildActionMask = 2147483647;
			files = (
			);
			inputPaths = (
			);
			outputPaths = (
			);
			runOnlyForDeploymentPostprocessing = 0;
			shellPath = /bin/sh;
			shellScript = "\"$PODS_ROOT/R.swift/rswift\" generate \"$SRCROOT/SeedProject/Supports\"";
		};
/* End PBXShellScriptBuildPhase section */

/* Begin PBXSourcesBuildPhase section */
		EB84214B1F591D5B0055099F /* Sources */ = {
			isa = PBXSourcesBuildPhase;
			buildActionMask = 2147483647;
			files = (
				EB154F3320CD704500BF503B /* HomePageAPI.swift in Sources */,
				EB56872F20CD495400F4E681 /* NetworkManager.swift in Sources */,
				EB6EC0981FB7093A001B70AF /* Constants.swift in Sources */,
				EB3BDEC520D53B930067B2A3 /* DefaultTheme.swift in Sources */,
				EB3B042F1FBD2A6E0033F492 /* AboutMeViewController.swift in Sources */,
				EB84215B1F591D5B0055099F /* SeedProject.xcdatamodeld in Sources */,
				EB3BDEC320D3B1AB0067B2A3 /* ThemeElement.swift in Sources */,
				EB6EC0961FB70568001B70AF /* SearchViewController.swift in Sources */,
				EB5D57CA1F5B056F00C6DE5A /* HomePageTutorialViewController.swift in Sources */,
				EB3D97871F5F8F7B007112C4 /* MainTabBarController.swift in Sources */,
				EB868D141FB7423400FD5A63 /* CustomNavigationBar.swift in Sources */,
				EB3B04311FBDC9100033F492 /* DemoViewController.swift in Sources */,
				EB2CE9682031852E00F7ECB9 /* R.generated.swift in Sources */,
				EB51F7FC2051598300E505F9 /* CustomNotification.swift in Sources */,
				EB1326301F5EA9E100ABE06B /* HomePageEvaluationViewController.swift in Sources */,
				EB317D801FD5722F00CD1799 /* Extensions.swift in Sources */,
				EB8421531F591D5B0055099F /* AppDelegate.swift in Sources */,
				EB5D57C81F5B051500C6DE5A /* HomePageNewsViewController.swift in Sources */,
				EB6006AB1FB5A681009F0D41 /* DefaultData.swift in Sources */,
				EBA6020C1F5ECB6B00859861 /* Functions.swift in Sources */,
				EB6EC0941FB70546001B70AF /* CommunityViewController.swift in Sources */,
				EB5D57C31F5AFD8E00C6DE5A /* HomePageViewController.swift in Sources */,
				EB3BDEC120D39ACC0067B2A3 /* ThemeManager.swift in Sources */,
			);
			runOnlyForDeploymentPostprocessing = 0;
		};
/* End PBXSourcesBuildPhase section */

/* Begin PBXVariantGroup section */
		EB8421561F591D5B0055099F /* Main.storyboard */ = {
			isa = PBXVariantGroup;
			children = (
				EB8421571F591D5B0055099F /* Base */,
			);
			name = Main.storyboard;
			sourceTree = "<group>";
		};
		EB84215E1F591D5B0055099F /* LaunchScreen.storyboard */ = {
			isa = PBXVariantGroup;
			children = (
				EB84215F1F591D5B0055099F /* Base */,
			);
			name = LaunchScreen.storyboard;
			sourceTree = "<group>";
		};
/* End PBXVariantGroup section */

/* Begin XCBuildConfiguration section */
		EB8421621F591D5B0055099F /* Debug */ = {
			isa = XCBuildConfiguration;
			buildSettings = {
				ALWAYS_SEARCH_USER_PATHS = NO;
				CLANG_ANALYZER_NONNULL = YES;
				CLANG_ANALYZER_NUMBER_OBJECT_CONVERSION = YES_AGGRESSIVE;
				CLANG_CXX_LANGUAGE_STANDARD = "gnu++0x";
				CLANG_CXX_LIBRARY = "libc++";
				CLANG_ENABLE_MODULES = YES;
				CLANG_ENABLE_OBJC_ARC = YES;
				CLANG_WARN_BLOCK_CAPTURE_AUTORELEASING = YES;
				CLANG_WARN_BOOL_CONVERSION = YES;
				CLANG_WARN_COMMA = YES;
				CLANG_WARN_CONSTANT_CONVERSION = YES;
				CLANG_WARN_DEPRECATED_OBJC_IMPLEMENTATIONS = YES;
				CLANG_WARN_DIRECT_OBJC_ISA_USAGE = YES_ERROR;
				CLANG_WARN_DOCUMENTATION_COMMENTS = YES;
				CLANG_WARN_EMPTY_BODY = YES;
				CLANG_WARN_ENUM_CONVERSION = YES;
				CLANG_WARN_INFINITE_RECURSION = YES;
				CLANG_WARN_INT_CONVERSION = YES;
				CLANG_WARN_NON_LITERAL_NULL_CONVERSION = YES;
				CLANG_WARN_OBJC_IMPLICIT_RETAIN_SELF = YES;
				CLANG_WARN_OBJC_LITERAL_CONVERSION = YES;
				CLANG_WARN_OBJC_ROOT_CLASS = YES_ERROR;
				CLANG_WARN_RANGE_LOOP_ANALYSIS = YES;
				CLANG_WARN_STRICT_PROTOTYPES = YES;
				CLANG_WARN_SUSPICIOUS_MOVE = YES;
				CLANG_WARN_UNREACHABLE_CODE = YES;
				CLANG_WARN__DUPLICATE_METHOD_MATCH = YES;
				"CODE_SIGN_IDENTITY[sdk=iphoneos*]" = "iPhone Developer";
				COPY_PHASE_STRIP = NO;
				DEBUG_INFORMATION_FORMAT = dwarf;
				ENABLE_STRICT_OBJC_MSGSEND = YES;
				ENABLE_TESTABILITY = YES;
				GCC_C_LANGUAGE_STANDARD = gnu99;
				GCC_DYNAMIC_NO_PIC = NO;
				GCC_NO_COMMON_BLOCKS = YES;
				GCC_OPTIMIZATION_LEVEL = 0;
				GCC_PREPROCESSOR_DEFINITIONS = (
					"DEBUG=1",
					"$(inherited)",
				);
				GCC_WARN_64_TO_32_BIT_CONVERSION = YES;
				GCC_WARN_ABOUT_RETURN_TYPE = YES_ERROR;
				GCC_WARN_UNDECLARED_SELECTOR = YES;
				GCC_WARN_UNINITIALIZED_AUTOS = YES_AGGRESSIVE;
				GCC_WARN_UNUSED_FUNCTION = YES;
				GCC_WARN_UNUSED_VARIABLE = YES;
				IPHONEOS_DEPLOYMENT_TARGET = 8.0;
				MTL_ENABLE_DEBUG_INFO = YES;
				ONLY_ACTIVE_ARCH = YES;
				SDKROOT = iphoneos;
				SWIFT_ACTIVE_COMPILATION_CONDITIONS = DEBUG;
				SWIFT_OPTIMIZATION_LEVEL = "-Onone";
			};
			name = Debug;
		};
		EB8421631F591D5B0055099F /* Release */ = {
			isa = XCBuildConfiguration;
			buildSettings = {
				ALWAYS_SEARCH_USER_PATHS = NO;
				CLANG_ANALYZER_NONNULL = YES;
				CLANG_ANALYZER_NUMBER_OBJECT_CONVERSION = YES_AGGRESSIVE;
				CLANG_CXX_LANGUAGE_STANDARD = "gnu++0x";
				CLANG_CXX_LIBRARY = "libc++";
				CLANG_ENABLE_MODULES = YES;
				CLANG_ENABLE_OBJC_ARC = YES;
				CLANG_WARN_BLOCK_CAPTURE_AUTORELEASING = YES;
				CLANG_WARN_BOOL_CONVERSION = YES;
				CLANG_WARN_COMMA = YES;
				CLANG_WARN_CONSTANT_CONVERSION = YES;
				CLANG_WARN_DEPRECATED_OBJC_IMPLEMENTATIONS = YES;
				CLANG_WARN_DIRECT_OBJC_ISA_USAGE = YES_ERROR;
				CLANG_WARN_DOCUMENTATION_COMMENTS = YES;
				CLANG_WARN_EMPTY_BODY = YES;
				CLANG_WARN_ENUM_CONVERSION = YES;
				CLANG_WARN_INFINITE_RECURSION = YES;
				CLANG_WARN_INT_CONVERSION = YES;
				CLANG_WARN_NON_LITERAL_NULL_CONVERSION = YES;
				CLANG_WARN_OBJC_IMPLICIT_RETAIN_SELF = YES;
				CLANG_WARN_OBJC_LITERAL_CONVERSION = YES;
				CLANG_WARN_OBJC_ROOT_CLASS = YES_ERROR;
				CLANG_WARN_RANGE_LOOP_ANALYSIS = YES;
				CLANG_WARN_STRICT_PROTOTYPES = YES;
				CLANG_WARN_SUSPICIOUS_MOVE = YES;
				CLANG_WARN_UNREACHABLE_CODE = YES;
				CLANG_WARN__DUPLICATE_METHOD_MATCH = YES;
				"CODE_SIGN_IDENTITY[sdk=iphoneos*]" = "iPhone Developer";
				COPY_PHASE_STRIP = NO;
				DEBUG_INFORMATION_FORMAT = "dwarf-with-dsym";
				ENABLE_NS_ASSERTIONS = NO;
				ENABLE_STRICT_OBJC_MSGSEND = YES;
				GCC_C_LANGUAGE_STANDARD = gnu99;
				GCC_NO_COMMON_BLOCKS = YES;
				GCC_WARN_64_TO_32_BIT_CONVERSION = YES;
				GCC_WARN_ABOUT_RETURN_TYPE = YES_ERROR;
				GCC_WARN_UNDECLARED_SELECTOR = YES;
				GCC_WARN_UNINITIALIZED_AUTOS = YES_AGGRESSIVE;
				GCC_WARN_UNUSED_FUNCTION = YES;
				GCC_WARN_UNUSED_VARIABLE = YES;
				IPHONEOS_DEPLOYMENT_TARGET = 8.0;
				MTL_ENABLE_DEBUG_INFO = NO;
				SDKROOT = iphoneos;
				SWIFT_OPTIMIZATION_LEVEL = "-Owholemodule";
				VALIDATE_PRODUCT = YES;
			};
			name = Release;
		};
		EB8421651F591D5B0055099F /* Debug */ = {
			isa = XCBuildConfiguration;
			baseConfigurationReference = A7744DD0BAE8FCC0CB300149 /* Pods-SeedProject.debug.xcconfig */;
			buildSettings = {
				ASSETCATALOG_COMPILER_APPICON_NAME = AppIcon;
				CLANG_ENABLE_MODULES = YES;
				DEVELOPMENT_TEAM = 254AUA3V5S;
				INFOPLIST_FILE = "$(SRCROOT)/SeedProject/Resources/Info.plist";
				LD_RUNPATH_SEARCH_PATHS = "$(inherited) @executable_path/Frameworks";
				PRODUCT_BUNDLE_IDENTIFIER = me.duelsol.SeedProject;
				PRODUCT_NAME = "$(TARGET_NAME)";
				SWIFT_OBJC_BRIDGING_HEADER = "SeedProject/Supports/SeedProject-Bridging-Header.h";
				SWIFT_OPTIMIZATION_LEVEL = "-Onone";
				SWIFT_VERSION = 4.2;
			};
			name = Debug;
		};
		EB8421661F591D5B0055099F /* Release */ = {
			isa = XCBuildConfiguration;
			baseConfigurationReference = 2FFFD244EB23D2AF1B7D7967 /* Pods-SeedProject.release.xcconfig */;
			buildSettings = {
				ASSETCATALOG_COMPILER_APPICON_NAME = AppIcon;
				CLANG_ENABLE_MODULES = YES;
				DEVELOPMENT_TEAM = 254AUA3V5S;
				INFOPLIST_FILE = "$(SRCROOT)/SeedProject/Resources/Info.plist";
				LD_RUNPATH_SEARCH_PATHS = "$(inherited) @executable_path/Frameworks";
				PRODUCT_BUNDLE_IDENTIFIER = me.duelsol.SeedProject;
				PRODUCT_NAME = "$(TARGET_NAME)";
				SWIFT_OBJC_BRIDGING_HEADER = "SeedProject/Supports/SeedProject-Bridging-Header.h";
				SWIFT_VERSION = 4.2;
			};
			name = Release;
		};
/* End XCBuildConfiguration section */

/* Begin XCConfigurationList section */
		EB84214A1F591D5A0055099F /* Build configuration list for PBXProject "SeedProject" */ = {
			isa = XCConfigurationList;
			buildConfigurations = (
				EB8421621F591D5B0055099F /* Debug */,
				EB8421631F591D5B0055099F /* Release */,
			);
			defaultConfigurationIsVisible = 0;
			defaultConfigurationName = Release;
		};
		EB8421641F591D5B0055099F /* Build configuration list for PBXNativeTarget "SeedProject" */ = {
			isa = XCConfigurationList;
			buildConfigurations = (
				EB8421651F591D5B0055099F /* Debug */,
				EB8421661F591D5B0055099F /* Release */,
			);
			defaultConfigurationIsVisible = 0;
			defaultConfigurationName = Release;
		};
/* End XCConfigurationList section */

/* Begin XCVersionGroup section */
		EB8421591F591D5B0055099F /* SeedProject.xcdatamodeld */ = {
			isa = XCVersionGroup;
			children = (
				EB84215A1F591D5B0055099F /* SeedProject.xcdatamodel */,
			);
			currentVersion = EB84215A1F591D5B0055099F /* SeedProject.xcdatamodel */;
			path = SeedProject.xcdatamodeld;
			sourceTree = "<group>";
			versionGroupType = wrapper.xcdatamodel;
		};
/* End XCVersionGroup section */
	};
	rootObject = EB8421471F591D5A0055099F /* Project object */;
}
